// !$*UTF8*$!
{
	archiveVersion = 1;
	classes = {
	};
	objectVersion = 46;
	objects = {

/* Begin PBXBuildFile section */
		C81CB4361A59E808007E096F /* AppDelegate.swift in Sources */ = {isa = PBXBuildFile; fileRef = C81CB4351A59E808007E096F /* AppDelegate.swift */; };
		C81CB4391A59E808007E096F /* _9RedBalloons.xcdatamodeld in Sources */ = {isa = PBXBuildFile; fileRef = C81CB4371A59E808007E096F /* _9RedBalloons.xcdatamodeld */; };
		C81CB43B1A59E808007E096F /* ViewController.swift in Sources */ = {isa = PBXBuildFile; fileRef = C81CB43A1A59E808007E096F /* ViewController.swift */; };
		C81CB43E1A59E808007E096F /* Main.storyboard in Resources */ = {isa = PBXBuildFile; fileRef = C81CB43C1A59E808007E096F /* Main.storyboard */; };
		C81CB4401A59E808007E096F /* Images.xcassets in Resources */ = {isa = PBXBuildFile; fileRef = C81CB43F1A59E808007E096F /* Images.xcassets */; };
		C81CB4431A59E808007E096F /* LaunchScreen.xib in Resources */ = {isa = PBXBuildFile; fileRef = C81CB4411A59E808007E096F /* LaunchScreen.xib */; };
		C81CB44F1A59E808007E096F /* _9RedBalloonsTests.swift in Sources */ = {isa = PBXBuildFile; fileRef = C81CB44E1A59E808007E096F /* _9RedBalloonsTests.swift */; };
		C81CB45E1A59E88D007E096F /* BerlinTVTower.jpg in Resources */ = {isa = PBXBuildFile; fileRef = C81CB4591A59E88D007E096F /* BerlinTVTower.jpg */; };
		C81CB45F1A59E88D007E096F /* RedBalloon1.jpg in Resources */ = {isa = PBXBuildFile; fileRef = C81CB45A1A59E88D007E096F /* RedBalloon1.jpg */; };
		C81CB4601A59E88D007E096F /* RedBalloon2.jpg in Resources */ = {isa = PBXBuildFile; fileRef = C81CB45B1A59E88D007E096F /* RedBalloon2.jpg */; };
		C81CB4611A59E88D007E096F /* RedBalloon3.jpg in Resources */ = {isa = PBXBuildFile; fileRef = C81CB45C1A59E88D007E096F /* RedBalloon3.jpg */; };
		C81CB4621A59E88D007E096F /* RedBalloon4.jpg in Resources */ = {isa = PBXBuildFile; fileRef = C81CB45D1A59E88D007E096F /* RedBalloon4.jpg */; };
		C81CB4641A59EB74007E096F /* Balloon.swift in Sources */ = {isa = PBXBuildFile; fileRef = C81CB4631A59EB74007E096F /* Balloon.swift */; };
/* End PBXBuildFile section */

/* Begin PBXContainerItemProxy section */
		C81CB4491A59E808007E096F /* PBXContainerItemProxy */ = {
			isa = PBXContainerItemProxy;
			containerPortal = C81CB4281A59E808007E096F /* Project object */;
			proxyType = 1;
			remoteGlobalIDString = C81CB42F1A59E808007E096F;
			remoteInfo = 99RedBalloons;
		};
/* End PBXContainerItemProxy section */

/* Begin PBXFileReference section */
		C81CB4301A59E808007E096F /* 99RedBalloons.app */ = {isa = PBXFileReference; explicitFileType = wrapper.application; includeInIndex = 0; path = 99RedBalloons.app; sourceTree = BUILT_PRODUCTS_DIR; };
		C81CB4341A59E808007E096F /* Info.plist */ = {isa = PBXFileReference; lastKnownFileType = text.plist.xml; path = Info.plist; sourceTree = "<group>"; };
		C81CB4351A59E808007E096F /* AppDelegate.swift */ = {isa = PBXFileReference; lastKnownFileType = sourcecode.swift; path = AppDelegate.swift; sourceTree = "<group>"; };
		C81CB4381A59E808007E096F /* _9RedBalloons.xcdatamodel */ = {isa = PBXFileReference; lastKnownFileType = wrapper.xcdatamodel; path = _9RedBalloons.xcdatamodel; sourceTree = "<group>"; };
		C81CB43A1A59E808007E096F /* ViewController.swift */ = {isa = PBXFileReference; lastKnownFileType = sourcecode.swift; path = ViewController.swift; sourceTree = "<group>"; };
		C81CB43D1A59E808007E096F /* Base */ = {isa = PBXFileReference; lastKnownFileType = file.storyboard; name = Base; path = Base.lproj/Main.storyboard; sourceTree = "<group>"; };
		C81CB43F1A59E808007E096F /* Images.xcassets */ = {isa = PBXFileReference; lastKnownFileType = folder.assetcatalog; path = Images.xcassets; sourceTree = "<group>"; };
		C81CB4421A59E808007E096F /* Base */ = {isa = PBXFileReference; lastKnownFileType = file.xib; name = Base; path = Base.lproj/LaunchScreen.xib; sourceTree = "<group>"; };
		C81CB4481A59E808007E096F /* 99RedBalloonsTests.xctest */ = {isa = PBXFileReference; explicitFileType = wrapper.cfbundle; includeInIndex = 0; path = 99RedBalloonsTests.xctest; sourceTree = BUILT_PRODUCTS_DIR; };
		C81CB44D1A59E808007E096F /* Info.plist */ = {isa = PBXFileReference; lastKnownFileType = text.plist.xml; path = Info.plist; sourceTree = "<group>"; };
		C81CB44E1A59E808007E096F /* _9RedBalloonsTests.swift */ = {isa = PBXFileReference; lastKnownFileType = sourcecode.swift; path = _9RedBalloonsTests.swift; sourceTree = "<group>"; };
		C81CB4591A59E88D007E096F /* BerlinTVTower.jpg */ = {isa = PBXFileReference; lastKnownFileType = image.jpeg; path = BerlinTVTower.jpg; sourceTree = "<group>"; };
		C81CB45A1A59E88D007E096F /* RedBalloon1.jpg */ = {isa = PBXFileReference; lastKnownFileType = image.jpeg; path = RedBalloon1.jpg; sourceTree = "<group>"; };
		C81CB45B1A59E88D007E096F /* RedBalloon2.jpg */ = {isa = PBXFileReference; lastKnownFileType = image.jpeg; path = RedBalloon2.jpg; sourceTree = "<group>"; };
		C81CB45C1A59E88D007E096F /* RedBalloon3.jpg */ = {isa = PBXFileReference; lastKnownFileType = image.jpeg; path = RedBalloon3.jpg; sourceTree = "<group>"; };
		C81CB45D1A59E88D007E096F /* RedBalloon4.jpg */ = {isa = PBXFileReference; lastKnownFileType = image.jpeg; path = RedBalloon4.jpg; sourceTree = "<group>"; };
		C81CB4631A59EB74007E096F /* Balloon.swift */ = {isa = PBXFileReference; fileEncoding = 4; lastKnownFileType = sourcecode.swift; path = Balloon.swift; sourceTree = "<group>"; };
/* End PBXFileReference section */

/* Begin PBXFrameworksBuildPhase section */
		C81CB42D1A59E808007E096F /* Frameworks */ = {
			isa = PBXFrameworksBuildPhase;
			buildActionMask = 2147483647;
			files = (
			);
			runOnlyForDeploymentPostprocessing = 0;
		};
		C81CB4451A59E808007E096F /* Frameworks */ = {
			isa = PBXFrameworksBuildPhase;
			buildActionMask = 2147483647;
			files = (
			);
			runOnlyForDeploymentPostprocessing = 0;
		};
/* End PBXFrameworksBuildPhase section */

/* Begin PBXGroup section */
		C81CB4271A59E808007E096F = {
			isa = PBXGroup;
			children = (
				C81CB4321A59E808007E096F /* 99RedBalloons */,
				C81CB44B1A59E808007E096F /* 99RedBalloonsTests */,
				C81CB4311A59E808007E096F /* Products */,
			);
			sourceTree = "<group>";
		};
		C81CB4311A59E808007E096F /* Products */ = {
			isa = PBXGroup;
			children = (
				C81CB4301A59E808007E096F /* 99RedBalloons.app */,
				C81CB4481A59E808007E096F /* 99RedBalloonsTests.xctest */,
			);
			name = Products;
			sourceTree = "<group>";
		};
		C81CB4321A59E808007E096F /* 99RedBalloons */ = {
			isa = PBXGroup;
			children = (
				C81CB4351A59E808007E096F /* AppDelegate.swift */,
				C81CB43A1A59E808007E096F /* ViewController.swift */,
				C81CB4631A59EB74007E096F /* Balloon.swift */,
				C81CB43C1A59E808007E096F /* Main.storyboard */,
				C81CB43F1A59E808007E096F /* Images.xcassets */,
				C81CB4411A59E808007E096F /* LaunchScreen.xib */,
				C81CB4371A59E808007E096F /* _9RedBalloons.xcdatamodeld */,
				C81CB4331A59E808007E096F /* Supporting Files */,
			);
			path = 99RedBalloons;
			sourceTree = "<group>";
		};
		C81CB4331A59E808007E096F /* Supporting Files */ = {
			isa = PBXGroup;
			children = (
				C81CB4581A59E88D007E096F /* 99RedBalloonsAssets */,
				C81CB4341A59E808007E096F /* Info.plist */,
			);
			name = "Supporting Files";
			sourceTree = "<group>";
		};
		C81CB44B1A59E808007E096F /* 99RedBalloonsTests */ = {
			isa = PBXGroup;
			children = (
				C81CB44E1A59E808007E096F /* _9RedBalloonsTests.swift */,
				C81CB44C1A59E808007E096F /* Supporting Files */,
			);
			path = 99RedBalloonsTests;
			sourceTree = "<group>";
		};
		C81CB44C1A59E808007E096F /* Supporting Files */ = {
			isa = PBXGroup;
			children = (
				C81CB44D1A59E808007E096F /* Info.plist */,
			);
			name = "Supporting Files";
			sourceTree = "<group>";
		};
		C81CB4581A59E88D007E096F /* 99RedBalloonsAssets */ = {
			isa = PBXGroup;
			children = (
				C81CB4591A59E88D007E096F /* BerlinTVTower.jpg */,
				C81CB45A1A59E88D007E096F /* RedBalloon1.jpg */,
				C81CB45B1A59E88D007E096F /* RedBalloon2.jpg */,
				C81CB45C1A59E88D007E096F /* RedBalloon3.jpg */,
				C81CB45D1A59E88D007E096F /* RedBalloon4.jpg */,
			);
			path = 99RedBalloonsAssets;
			sourceTree = "<group>";
		};
/* End PBXGroup section */

/* Begin PBXNativeTarget section */
		C81CB42F1A59E808007E096F /* 99RedBalloons */ = {
			isa = PBXNativeTarget;
			buildConfigurationList = C81CB4521A59E808007E096F /* Build configuration list for PBXNativeTarget "99RedBalloons" */;
			buildPhases = (
				C81CB42C1A59E808007E096F /* Sources */,
				C81CB42D1A59E808007E096F /* Frameworks */,
				C81CB42E1A59E808007E096F /* Resources */,
			);
			buildRules = (
			);
			dependencies = (
			);
			name = 99RedBalloons;
			productName = 99RedBalloons;
			productReference = C81CB4301A59E808007E096F /* 99RedBalloons.app */;
			productType = "com.apple.product-type.application";
		};
		C81CB4471A59E808007E096F /* 99RedBalloonsTests */ = {
			isa = PBXNativeTarget;
			buildConfigurationList = C81CB4551A59E808007E096F /* Build configuration list for PBXNativeTarget "99RedBalloonsTests" */;
			buildPhases = (
				C81CB4441A59E808007E096F /* Sources */,
				C81CB4451A59E808007E096F /* Frameworks */,
				C81CB4461A59E808007E096F /* Resources */,
			);
			buildRules = (
			);
			dependencies = (
				C81CB44A1A59E808007E096F /* PBXTargetDependency */,
			);
			name = 99RedBalloonsTests;
			productName = 99RedBalloonsTests;
			productReference = C81CB4481A59E808007E096F /* 99RedBalloonsTests.xctest */;
			productType = "com.apple.product-type.bundle.unit-test";
		};
/* End PBXNativeTarget section */

/* Begin PBXProject section */
		C81CB4281A59E808007E096F /* Project object */ = {
			isa = PBXProject;
			attributes = {
				LastUpgradeCheck = 0610;
				ORGANIZATIONNAME = "Wilson Ding";
				TargetAttributes = {
					C81CB42F1A59E808007E096F = {
						CreatedOnToolsVersion = 6.1.1;
					};
					C81CB4471A59E808007E096F = {
						CreatedOnToolsVersion = 6.1.1;
						TestTargetID = C81CB42F1A59E808007E096F;
					};
				};
			};
			buildConfigurationList = C81CB42B1A59E808007E096F /* Build configuration list for PBXProject "99RedBalloons" */;
			compatibilityVersion = "Xcode 3.2";
			developmentRegion = English;
			hasScannedForEncodings = 0;
			knownRegions = (
				en,
				Base,
			);
			mainGroup = C81CB4271A59E808007E096F;
			productRefGroup = C81CB4311A59E808007E096F /* Products */;
			projectDirPath = "";
			projectRoot = "";
			targets = (
				C81CB42F1A59E808007E096F /* 99RedBalloons */,
				C81CB4471A59E808007E096F /* 99RedBalloonsTests */,
			);
		};
/* End PBXProject section */

/* Begin PBXResourcesBuildPhase section */
		C81CB42E1A59E808007E096F /* Resources */ = {
			isa = PBXResourcesBuildPhase;
			buildActionMask = 2147483647;
			files = (
				C81CB4601A59E88D007E096F /* RedBalloon2.jpg in Resources */,
				C81CB43E1A59E808007E096F /* Main.storyboard in Resources */,
				C81CB4611A59E88D007E096F /* RedBalloon3.jpg in Resources */,
				C81CB4431A59E808007E096F /* LaunchScreen.xib in Resources */,
				C81CB4621A59E88D007E096F /* RedBalloon4.jpg in Resources */,
				C81CB4401A59E808007E096F /* Images.xcassets in Resources */,
				C81CB45F1A59E88D007E096F /* RedBalloon1.jpg in Resources */,
				C81CB45E1A59E88D007E096F /* BerlinTVTower.jpg in Resources */,
			);
			runOnlyForDeploymentPostprocessing = 0;
		};
		C81CB4461A59E808007E096F /* Resources */ = {
			isa = PBXResourcesBuildPhase;
			buildActionMask = 2147483647;
			files = (
			);
			runOnlyForDeploymentPostprocessing = 0;
		};
/* End PBXResourcesBuildPhase section */

/* Begin PBXSourcesBuildPhase section */
		C81CB42C1A59E808007E096F /* Sources */ = {
			isa = PBXSourcesBuildPhase;
			buildActionMask = 2147483647;
			files = (
				C81CB43B1A59E808007E096F /* ViewController.swift in Sources */,
				C81CB4361A59E808007E096F /* AppDelegate.swift in Sources */,
				C81CB4391A59E808007E096F /* _9RedBalloons.xcdatamodeld in Sources */,
				C81CB4641A59EB74007E096F /* Balloon.swift in Sources */,
			);
			runOnlyForDeploymentPostprocessing = 0;
		};
		C81CB4441A59E808007E096F /* Sources */ = {
			isa = PBXSourcesBuildPhase;
			buildActionMask = 2147483647;
			files = (
				C81CB44F1A59E808007E096F /* _9RedBalloonsTests.swift in Sources */,
			);
			runOnlyForDeploymentPostprocessing = 0;
		};
/* End PBXSourcesBuildPhase section */

/* Begin PBXTargetDependency section */
		C81CB44A1A59E808007E096F /* PBXTargetDependency */ = {
			isa = PBXTargetDependency;
			target = C81CB42F1A59E808007E096F /* 99RedBalloons */;
			targetProxy = C81CB4491A59E808007E096F /* PBXContainerItemProxy */;
		};
/* End PBXTargetDependency section */

/* Begin PBXVariantGroup section */
		C81CB43C1A59E808007E096F /* Main.storyboard */ = {
			isa = PBXVariantGroup;
			children = (
				C81CB43D1A59E808007E096F /* Base */,
			);
			name = Main.storyboard;
			sourceTree = "<group>";
		};
		C81CB4411A59E808007E096F /* LaunchScreen.xib */ = {
			isa = PBXVariantGroup;
			children = (
				C81CB4421A59E808007E096F /* Base */,
			);
			name = LaunchScreen.xib;
			sourceTree = "<group>";
		};
/* End PBXVariantGroup section */

/* Begin XCBuildConfiguration section */
		C81CB4501A59E808007E096F /* Debug */ = {
			isa = XCBuildConfiguration;
			buildSettings = {
				ALWAYS_SEARCH_USER_PATHS = NO;
				CLANG_CXX_LANGUAGE_STANDARD = "gnu++0x";
				CLANG_CXX_LIBRARY = "libc++";
				CLANG_ENABLE_MODULES = YES;
				CLANG_ENABLE_OBJC_ARC = YES;
				CLANG_WARN_BOOL_CONVERSION = YES;
				CLANG_WARN_CONSTANT_CONVERSION = YES;
				CLANG_WARN_DIRECT_OBJC_ISA_USAGE = YES_ERROR;
				CLANG_WARN_EMPTY_BODY = YES;
				CLANG_WARN_ENUM_CONVERSION = YES;
				CLANG_WARN_INT_CONVERSION = YES;
				CLANG_WARN_OBJC_ROOT_CLASS = YES_ERROR;
				CLANG_WARN_UNREACHABLE_CODE = YES;
				CLANG_WARN__DUPLICATE_METHOD_MATCH = YES;
				"CODE_SIGN_IDENTITY[sdk=iphoneos*]" = "iPhone Developer";
				COPY_PHASE_STRIP = NO;
				ENABLE_STRICT_OBJC_MSGSEND = YES;
				GCC_C_LANGUAGE_STANDARD = gnu99;
				GCC_DYNAMIC_NO_PIC = NO;
				GCC_OPTIMIZATION_LEVEL = 0;
				GCC_PREPROCESSOR_DEFINITIONS = (
					"DEBUG=1",
					"$(inherited)",
				);
				GCC_SYMBOLS_PRIVATE_EXTERN = NO;
				GCC_WARN_64_TO_32_BIT_CONVERSION = YES;
				GCC_WARN_ABOUT_RETURN_TYPE = YES_ERROR;
				GCC_WARN_UNDECLARED_SELECTOR = YES;
				GCC_WARN_UNINITIALIZED_AUTOS = YES_AGGRESSIVE;
				GCC_WARN_UNUSED_FUNCTION = YES;
				GCC_WARN_UNUSED_VARIABLE = YES;
				IPHONEOS_DEPLOYMENT_TARGET = 8.1;
				MTL_ENABLE_DEBUG_INFO = YES;
				ONLY_ACTIVE_ARCH = YES;
				SDKROOT = iphoneos;
				SWIFT_OPTIMIZATION_LEVEL = "-Onone";
				TARGETED_DEVICE_FAMILY = "1,2";
			};
			name = Debug;
		};
		C81CB4511A59E808007E096F /* Release */ = {
			isa = XCBuildConfiguration;
			buildSettings = {
				ALWAYS_SEARCH_USER_PATHS = NO;
				CLANG_CXX_LANGUAGE_STANDARD = "gnu++0x";
				CLANG_CXX_LIBRARY = "libc++";
				CLANG_ENABLE_MODULES = YES;
				CLANG_ENABLE_OBJC_ARC = YES;
				CLANG_WARN_BOOL_CONVERSION = YES;
				CLANG_WARN_CONSTANT_CONVERSION = YES;
				CLANG_WARN_DIRECT_OBJC_ISA_USAGE = YES_ERROR;
				CLANG_WARN_EMPTY_BODY = YES;
				CLANG_WARN_ENUM_CONVERSION = YES;
				CLANG_WARN_INT_CONVERSION = YES;
				CLANG_WARN_OBJC_ROOT_CLASS = YES_ERROR;
				CLANG_WARN_UNREACHABLE_CODE = YES;
				CLANG_WARN__DUPLICATE_METHOD_MATCH = YES;
				"CODE_SIGN_IDENTITY[sdk=iphoneos*]" = "iPhone Developer";
				COPY_PHASE_STRIP = YES;
				ENABLE_NS_ASSERTIONS = NO;
				ENABLE_STRICT_OBJC_MSGSEND = YES;
				GCC_C_LANGUAGE_STANDARD = gnu99;
				GCC_WARN_64_TO_32_BIT_CONVERSION = YES;
				GCC_WARN_ABOUT_RETURN_TYPE = YES_ERROR;
				GCC_WARN_UNDECLARED_SELECTOR = YES;
				GCC_WARN_UNINITIALIZED_AUTOS = YES_AGGRESSIVE;
				GCC_WARN_UNUSED_FUNCTION = YES;
				GCC_WARN_UNUSED_VARIABLE = YES;
				IPHONEOS_DEPLOYMENT_TARGET = 8.1;
				MTL_ENABLE_DEBUG_INFO = NO;
				SDKROOT = iphoneos;
				TARGETED_DEVICE_FAMILY = "1,2";
				VALIDATE_PRODUCT = YES;
			};
			name = Release;
		};
		C81CB4531A59E808007E096F /* Debug */ = {
			isa = XCBuildConfiguration;
			buildSettings = {
				ASSETCATALOG_COMPILER_APPICON_NAME = AppIcon;
				CODE_SIGN_IDENTITY = "iPhone Developer";
				INFOPLIST_FILE = 99RedBalloons/Info.plist;
				LD_RUNPATH_SEARCH_PATHS = "$(inherited) @executable_path/Frameworks";
				PRODUCT_NAME = "$(TARGET_NAME)";
			};
			name = Debug;
		};
		C81CB4541A59E808007E096F /* Release */ = {
			isa = XCBuildConfiguration;
			buildSettings = {
				ASSETCATALOG_COMPILER_APPICON_NAME = AppIcon;
				CODE_SIGN_IDENTITY = "iPhone Developer";
				INFOPLIST_FILE = 99RedBalloons/Info.plist;
				LD_RUNPATH_SEARCH_PATHS = "$(inherited) @executable_path/Frameworks";
				PRODUCT_NAME = "$(TARGET_NAME)";
			};
			name = Release;
		};
		C81CB4561A59E808007E096F /* Debug */ = {
			isa = XCBuildConfiguration;
			buildSettings = {
				BUNDLE_LOADER = "$(TEST_HOST)";
				FRAMEWORK_SEARCH_PATHS = (
					"$(SDKROOT)/Developer/Library/Frameworks",
					"$(inherited)",
				);
				GCC_PREPROCESSOR_DEFINITIONS = (
					"DEBUG=1",
					"$(inherited)",
				);
				INFOPLIST_FILE = 99RedBalloonsTests/Info.plist;
				LD_RUNPATH_SEARCH_PATHS = "$(inherited) @executable_path/Frameworks @loader_path/Frameworks";
				PRODUCT_NAME = "$(TARGET_NAME)";
				TEST_HOST = "$(BUILT_PRODUCTS_DIR)/99RedBalloons.app/99RedBalloons";
			};
			name = Debug;
		};
		C81CB4571A59E808007E096F /* Release */ = {
			isa = XCBuildConfiguration;
			buildSettings = {
				BUNDLE_LOADER = "$(TEST_HOST)";
				FRAMEWORK_SEARCH_PATHS = (
					"$(SDKROOT)/Developer/Library/Frameworks",
					"$(inherited)",
				);
				INFOPLIST_FILE = 99RedBalloonsTests/Info.plist;
				LD_RUNPATH_SEARCH_PATHS = "$(inherited) @executable_path/Frameworks @loader_path/Frameworks";
				PRODUCT_NAME = "$(TARGET_NAME)";
				TEST_HOST = "$(BUILT_PRODUCTS_DIR)/99RedBalloons.app/99RedBalloons";
			};
			name = Release;
		};
/* End XCBuildConfiguration section */

/* Begin XCConfigurationList section */
		C81CB42B1A59E808007E096F /* Build configuration list for PBXProject "99RedBalloons" */ = {
			isa = XCConfigurationList;
			buildConfigurations = (
				C81CB4501A59E808007E096F /* Debug */,
				C81CB4511A59E808007E096F /* Release */,
			);
			defaultConfigurationIsVisible = 0;
			defaultConfigurationName = Release;
		};
		C81CB4521A59E808007E096F /* Build configuration list for PBXNativeTarget "99RedBalloons" */ = {
			isa = XCConfigurationList;
			buildConfigurations = (
				C81CB4531A59E808007E096F /* Debug */,
				C81CB4541A59E808007E096F /* Release */,
			);
			defaultConfigurationIsVisible = 0;
		};
		C81CB4551A59E808007E096F /* Build configuration list for PBXNativeTarget "99RedBalloonsTests" */ = {
			isa = XCConfigurationList;
			buildConfigurations = (
				C81CB4561A59E808007E096F /* Debug */,
				C81CB4571A59E808007E096F /* Release */,
			);
			defaultConfigurationIsVisible = 0;
		};
/* End XCConfigurationList section */

/* Begin XCVersionGroup section */
		C81CB4371A59E808007E096F /* _9RedBalloons.xcdatamodeld */ = {
			isa = XCVersionGroup;
			children = (
				C81CB4381A59E808007E096F /* _9RedBalloons.xcdatamodel */,
			);
			currentVersion = C81CB4381A59E808007E096F /* _9RedBalloons.xcdatamodel */;
			path = _9RedBalloons.xcdatamodeld;
			sourceTree = "<group>";
			versionGroupType = wrapper.xcdatamodel;
		};
/* End XCVersionGroup section */
	};
	rootObject = C81CB4281A59E808007E096F /* Project object */;
}
